
Microsoft Visual Studio Solution File, Format Version 12.00
# Visual Studio Version 17
VisualStudioVersion = 17.11.35222.181
MinimumVisualStudioVersion = 10.0.40219.1
Project("{FAE04EC0-301F-11D3-BF4B-00C04F79EFBC}") = "DiaSemana", "DiaSemana\DiaSemana.csproj", "{831F8579-895F-4161-A0A5-7D992F380C64}"
EndProject
Global
	GlobalSection(SolutionConfigurationPlatforms) = preSolution
		Debug|Any CPU = Debug|Any CPU
		Release|Any CPU = Release|Any CPU
	EndGlobalSection
	GlobalSection(ProjectConfigurationPlatforms) = postSolution
		{831F8579-895F-4161-A0A5-7D992F380C64}.Debug|Any CPU.ActiveCfg = Debug|Any CPU
		{831F8579-895F-4161-A0A5-7D992F380C64}.Debug|Any CPU.Build.0 = Debug|Any CPU
		{831F8579-895F-4161-A0A5-7D992F380C64}.Release|Any CPU.ActiveCfg = Release|Any CPU
		{831F8579-895F-4161-A0A5-7D992F380C64}.Release|Any CPU.Build.0 = Release|Any CPU
	EndGlobalSection
	GlobalSection(SolutionProperties) = preSolution
		HideSolutionNode = FALSE
	EndGlobalSection
	GlobalSection(ExtensibilityGlobals) = postSolution
		SolutionGuid = {61CC3610-F80F-4944-8CA3-0C7C1CF2FAFC}
	EndGlobalSection
EndGlobal
